
Microsoft Visual Studio Solution File, Format Version 12.00
# Visual Studio Version 17
VisualStudioVersion = 17.8.34330.188
MinimumVisualStudioVersion = 10.0.40219.1
Project("{2150E333-8FDC-42A3-9474-1A3956D46DE8}") = "Services", "Services", "{DFCF7E39-46F7-4774-B797-63DC26834BC5}"
EndProject
Project("{2150E333-8FDC-42A3-9474-1A3956D46DE8}") = "Catalog", "Catalog", "{D07DCA81-E858-4C78-BD1F-52481646361F}"
EndProject
Project("{9A19103F-16F7-4668-BE54-9A1E7A4F7556}") = "Eshop.Catalog.Api", "Services\Catalog\Eshop.Catalog.Api\Eshop.Catalog.Api.csproj", "{B78D9D18-64A6-4764-BB4C-22852A3334B6}"
EndProject
Project("{2150E333-8FDC-42A3-9474-1A3956D46DE8}") = "Common", "Common", "{0A7DF041-7AD0-453B-B65D-600A15B135E5}"
EndProject
Project("{2150E333-8FDC-42A3-9474-1A3956D46DE8}") = "Solution Items", "Solution Items", "{5B49D0B4-0655-4363-9C64-39F0F4E5F4B3}"
	ProjectSection(SolutionItems) = preProject
		.editorconfig = .editorconfig
	EndProjectSection
EndProject
Project("{E53339B2-1760-4266-BCC7-CA923CBCF16C}") = "docker-compose", "docker-compose.dcproj", "{030A235C-F4EE-4251-8CBD-28C0F56A9E6B}"
EndProject
Project("{9A19103F-16F7-4668-BE54-9A1E7A4F7556}") = "Eshop.Common", "Common\Eshop.Common\Eshop.Common.csproj", "{2C76F820-1A72-4E11-AD10-F8833B4E9A9C}"
EndProject
Project("{9A19103F-16F7-4668-BE54-9A1E7A4F7556}") = "Eshop.Common.Web", "Common\Eshop.Common.Web\Eshop.Common.Web.csproj", "{B5FB0633-B493-4FC1-9845-16EFD908CFE9}"
EndProject
Project("{9A19103F-16F7-4668-BE54-9A1E7A4F7556}") = "Eshop.Common.Functional", "Common\Eshop.Common.Functional\Eshop.Common.Functional.csproj", "{EACCA614-2585-44BB-A095-9BFBD8CD389D}"
EndProject
Project("{2150E333-8FDC-42A3-9474-1A3956D46DE8}") = "Basket", "Basket", "{C8888D8C-432C-41F9-B91A-37CA05CBF99F}"
EndProject
Project("{FAE04EC0-301F-11D3-BF4B-00C04F79EFBC}") = "Eshop.Basket.Api", "Services\Basket\Eshop.Basket.Api\Eshop.Basket.Api.csproj", "{66A5A0A2-126E-492F-8EE0-42B288069091}"
EndProject
Global
	GlobalSection(SolutionConfigurationPlatforms) = preSolution
		Debug|Any CPU = Debug|Any CPU
		Release|Any CPU = Release|Any CPU
	EndGlobalSection
	GlobalSection(ProjectConfigurationPlatforms) = postSolution
		{B78D9D18-64A6-4764-BB4C-22852A3334B6}.Debug|Any CPU.ActiveCfg = Debug|Any CPU
		{B78D9D18-64A6-4764-BB4C-22852A3334B6}.Debug|Any CPU.Build.0 = Debug|Any CPU
		{B78D9D18-64A6-4764-BB4C-22852A3334B6}.Release|Any CPU.ActiveCfg = Release|Any CPU
		{B78D9D18-64A6-4764-BB4C-22852A3334B6}.Release|Any CPU.Build.0 = Release|Any CPU
		{030A235C-F4EE-4251-8CBD-28C0F56A9E6B}.Debug|Any CPU.ActiveCfg = Debug|Any CPU
		{030A235C-F4EE-4251-8CBD-28C0F56A9E6B}.Debug|Any CPU.Build.0 = Debug|Any CPU
		{030A235C-F4EE-4251-8CBD-28C0F56A9E6B}.Release|Any CPU.ActiveCfg = Release|Any CPU
		{030A235C-F4EE-4251-8CBD-28C0F56A9E6B}.Release|Any CPU.Build.0 = Release|Any CPU
		{2C76F820-1A72-4E11-AD10-F8833B4E9A9C}.Debug|Any CPU.ActiveCfg = Debug|Any CPU
		{2C76F820-1A72-4E11-AD10-F8833B4E9A9C}.Debug|Any CPU.Build.0 = Debug|Any CPU
		{2C76F820-1A72-4E11-AD10-F8833B4E9A9C}.Release|Any CPU.ActiveCfg = Release|Any CPU
		{2C76F820-1A72-4E11-AD10-F8833B4E9A9C}.Release|Any CPU.Build.0 = Release|Any CPU
		{B5FB0633-B493-4FC1-9845-16EFD908CFE9}.Debug|Any CPU.ActiveCfg = Debug|Any CPU
		{B5FB0633-B493-4FC1-9845-16EFD908CFE9}.Debug|Any CPU.Build.0 = Debug|Any CPU
		{B5FB0633-B493-4FC1-9845-16EFD908CFE9}.Release|Any CPU.ActiveCfg = Release|Any CPU
		{B5FB0633-B493-4FC1-9845-16EFD908CFE9}.Release|Any CPU.Build.0 = Release|Any CPU
		{EACCA614-2585-44BB-A095-9BFBD8CD389D}.Debug|Any CPU.ActiveCfg = Debug|Any CPU
		{EACCA614-2585-44BB-A095-9BFBD8CD389D}.Debug|Any CPU.Build.0 = Debug|Any CPU
		{EACCA614-2585-44BB-A095-9BFBD8CD389D}.Release|Any CPU.ActiveCfg = Release|Any CPU
		{EACCA614-2585-44BB-A095-9BFBD8CD389D}.Release|Any CPU.Build.0 = Release|Any CPU
		{66A5A0A2-126E-492F-8EE0-42B288069091}.Debug|Any CPU.ActiveCfg = Debug|Any CPU
		{66A5A0A2-126E-492F-8EE0-42B288069091}.Debug|Any CPU.Build.0 = Debug|Any CPU
		{66A5A0A2-126E-492F-8EE0-42B288069091}.Release|Any CPU.ActiveCfg = Release|Any CPU
		{66A5A0A2-126E-492F-8EE0-42B288069091}.Release|Any CPU.Build.0 = Release|Any CPU
	EndGlobalSection
	GlobalSection(SolutionProperties) = preSolution
		HideSolutionNode = FALSE
	EndGlobalSection
	GlobalSection(NestedProjects) = preSolution
		{D07DCA81-E858-4C78-BD1F-52481646361F} = {DFCF7E39-46F7-4774-B797-63DC26834BC5}
		{B78D9D18-64A6-4764-BB4C-22852A3334B6} = {D07DCA81-E858-4C78-BD1F-52481646361F}
		{2C76F820-1A72-4E11-AD10-F8833B4E9A9C} = {0A7DF041-7AD0-453B-B65D-600A15B135E5}
		{B5FB0633-B493-4FC1-9845-16EFD908CFE9} = {0A7DF041-7AD0-453B-B65D-600A15B135E5}
		{EACCA614-2585-44BB-A095-9BFBD8CD389D} = {0A7DF041-7AD0-453B-B65D-600A15B135E5}
		{C8888D8C-432C-41F9-B91A-37CA05CBF99F} = {DFCF7E39-46F7-4774-B797-63DC26834BC5}
		{66A5A0A2-126E-492F-8EE0-42B288069091} = {C8888D8C-432C-41F9-B91A-37CA05CBF99F}
	EndGlobalSection
	GlobalSection(ExtensibilityGlobals) = postSolution
		SolutionGuid = {67070431-60F7-4E4B-86FC-540B23FE5738}
	EndGlobalSection
EndGlobal
